
Microsoft Visual Studio Solution File, Format Version 12.00
# Visual Studio 14
VisualStudioVersion = 14.0.25420.1
MinimumVisualStudioVersion = 10.0.40219.1
Project("{2150E333-8FDC-42A3-9474-1A3956D46DE8}") = "Clients", "Clients", "{2B2F9E49-75E6-4D70-9F37-0B351CA771B4}"
EndProject
Project("{2150E333-8FDC-42A3-9474-1A3956D46DE8}") = "Server", "Server", "{DB60B26A-F32C-4245-9C71-F134A941976E}"
EndProject
Project("{2150E333-8FDC-42A3-9474-1A3956D46DE8}") = "CCC", "CCC", "{D1D3BB53-EFA3-4716-B726-751B6232BE4B}"
EndProject
Project("{FAE04EC0-301F-11D3-BF4B-00C04F79EFBC}") = "Client.Controllers", "Client.Controllers\Client.Controllers.csproj", "{07291181-6863-43A9-908F-54C2EBE4F0B8}"
EndProject
Project("{FAE04EC0-301F-11D3-BF4B-00C04F79EFBC}") = "CCC.Entities", "CCC.Entities\CCC.Entities.csproj", "{753772F3-10B7-402A-8010-2B82721C9635}"
EndProject
Project("{FAE04EC0-301F-11D3-BF4B-00C04F79EFBC}") = "CCC.Networking", "CCC.Networking\CCC.Networking.csproj", "{8C752AD3-8F45-4AA1-B757-3B50C50E71C6}"
EndProject
Project("{FAE04EC0-301F-11D3-BF4B-00C04F79EFBC}") = "Server.DataAccess", "Server.DataAccess\Server.DataAccess.csproj", "{195237B9-3D6F-43D0-9692-0B0B62DFDDE5}"
EndProject
Project("{FAE04EC0-301F-11D3-BF4B-00C04F79EFBC}") = "Server.Services", "Server.Services\Server.Services.csproj", "{0F7E98B2-11E2-4A31-B968-1DEAC4FD521A}"
EndProject
Project("{2150E333-8FDC-42A3-9474-1A3956D46DE8}") = "Tests", "Tests", "{E05960DC-5DA7-4179-BF9F-56E6623A56AF}"
EndProject
Project("{FAE04EC0-301F-11D3-BF4B-00C04F79EFBC}") = "DataAccesTest", "DataAccesTest\DataAccesTest.csproj", "{921CB6B6-6A15-451E-B2E0-28B54F0B6D34}"
EndProject
Project("{FAE04EC0-301F-11D3-BF4B-00C04F79EFBC}") = "Client.UI", "Client.UI\Client.UI.csproj", "{8969AF0E-AD06-4AF4-8A51-C559850AE5EF}"
EndProject
Project("{2150E333-8FDC-42A3-9474-1A3956D46DE8}") = "DB", "DB", "{3EB39DEE-1775-4AED-BBB8-27D799E97267}"
EndProject
Project("{00D1A9C2-B5F0-4AF3-8072-F6C62B433612}") = "UserDB", "UserDB\UserDB.sqlproj", "{00450A53-FB49-4F9C-8A24-7A6631D77075}"
EndProject
Global
	GlobalSection(SolutionConfigurationPlatforms) = preSolution
		Debug|Any CPU = Debug|Any CPU
		Release|Any CPU = Release|Any CPU
	EndGlobalSection
	GlobalSection(ProjectConfigurationPlatforms) = postSolution
		{07291181-6863-43A9-908F-54C2EBE4F0B8}.Debug|Any CPU.ActiveCfg = Debug|Any CPU
		{07291181-6863-43A9-908F-54C2EBE4F0B8}.Debug|Any CPU.Build.0 = Debug|Any CPU
		{07291181-6863-43A9-908F-54C2EBE4F0B8}.Release|Any CPU.ActiveCfg = Release|Any CPU
		{07291181-6863-43A9-908F-54C2EBE4F0B8}.Release|Any CPU.Build.0 = Release|Any CPU
		{753772F3-10B7-402A-8010-2B82721C9635}.Debug|Any CPU.ActiveCfg = Debug|Any CPU
		{753772F3-10B7-402A-8010-2B82721C9635}.Debug|Any CPU.Build.0 = Debug|Any CPU
		{753772F3-10B7-402A-8010-2B82721C9635}.Release|Any CPU.ActiveCfg = Release|Any CPU
		{753772F3-10B7-402A-8010-2B82721C9635}.Release|Any CPU.Build.0 = Release|Any CPU
		{8C752AD3-8F45-4AA1-B757-3B50C50E71C6}.Debug|Any CPU.ActiveCfg = Debug|Any CPU
		{8C752AD3-8F45-4AA1-B757-3B50C50E71C6}.Debug|Any CPU.Build.0 = Debug|Any CPU
		{8C752AD3-8F45-4AA1-B757-3B50C50E71C6}.Release|Any CPU.ActiveCfg = Release|Any CPU
		{8C752AD3-8F45-4AA1-B757-3B50C50E71C6}.Release|Any CPU.Build.0 = Release|Any CPU
		{195237B9-3D6F-43D0-9692-0B0B62DFDDE5}.Debug|Any CPU.ActiveCfg = Debug|Any CPU
		{195237B9-3D6F-43D0-9692-0B0B62DFDDE5}.Debug|Any CPU.Build.0 = Debug|Any CPU
		{195237B9-3D6F-43D0-9692-0B0B62DFDDE5}.Release|Any CPU.ActiveCfg = Release|Any CPU
		{195237B9-3D6F-43D0-9692-0B0B62DFDDE5}.Release|Any CPU.Build.0 = Release|Any CPU
		{0F7E98B2-11E2-4A31-B968-1DEAC4FD521A}.Debug|Any CPU.ActiveCfg = Debug|Any CPU
		{0F7E98B2-11E2-4A31-B968-1DEAC4FD521A}.Debug|Any CPU.Build.0 = Debug|Any CPU
		{0F7E98B2-11E2-4A31-B968-1DEAC4FD521A}.Release|Any CPU.ActiveCfg = Release|Any CPU
		{0F7E98B2-11E2-4A31-B968-1DEAC4FD521A}.Release|Any CPU.Build.0 = Release|Any CPU
		{921CB6B6-6A15-451E-B2E0-28B54F0B6D34}.Debug|Any CPU.ActiveCfg = Debug|Any CPU
		{921CB6B6-6A15-451E-B2E0-28B54F0B6D34}.Debug|Any CPU.Build.0 = Debug|Any CPU
		{921CB6B6-6A15-451E-B2E0-28B54F0B6D34}.Release|Any CPU.ActiveCfg = Release|Any CPU
		{921CB6B6-6A15-451E-B2E0-28B54F0B6D34}.Release|Any CPU.Build.0 = Release|Any CPU
		{8969AF0E-AD06-4AF4-8A51-C559850AE5EF}.Debug|Any CPU.ActiveCfg = Debug|Any CPU
		{8969AF0E-AD06-4AF4-8A51-C559850AE5EF}.Debug|Any CPU.Build.0 = Debug|Any CPU
		{8969AF0E-AD06-4AF4-8A51-C559850AE5EF}.Release|Any CPU.ActiveCfg = Release|Any CPU
		{8969AF0E-AD06-4AF4-8A51-C559850AE5EF}.Release|Any CPU.Build.0 = Release|Any CPU
		{00450A53-FB49-4F9C-8A24-7A6631D77075}.Debug|Any CPU.ActiveCfg = Debug|Any CPU
		{00450A53-FB49-4F9C-8A24-7A6631D77075}.Debug|Any CPU.Build.0 = Debug|Any CPU
		{00450A53-FB49-4F9C-8A24-7A6631D77075}.Debug|Any CPU.Deploy.0 = Debug|Any CPU
		{00450A53-FB49-4F9C-8A24-7A6631D77075}.Release|Any CPU.ActiveCfg = Release|Any CPU
		{00450A53-FB49-4F9C-8A24-7A6631D77075}.Release|Any CPU.Build.0 = Release|Any CPU
		{00450A53-FB49-4F9C-8A24-7A6631D77075}.Release|Any CPU.Deploy.0 = Release|Any CPU
	EndGlobalSection
	GlobalSection(SolutionProperties) = preSolution
		HideSolutionNode = FALSE
	EndGlobalSection
	GlobalSection(NestedProjects) = preSolution
		{07291181-6863-43A9-908F-54C2EBE4F0B8} = {2B2F9E49-75E6-4D70-9F37-0B351CA771B4}
		{753772F3-10B7-402A-8010-2B82721C9635} = {D1D3BB53-EFA3-4716-B726-751B6232BE4B}
		{8C752AD3-8F45-4AA1-B757-3B50C50E71C6} = {D1D3BB53-EFA3-4716-B726-751B6232BE4B}
		{195237B9-3D6F-43D0-9692-0B0B62DFDDE5} = {DB60B26A-F32C-4245-9C71-F134A941976E}
		{0F7E98B2-11E2-4A31-B968-1DEAC4FD521A} = {DB60B26A-F32C-4245-9C71-F134A941976E}
		{921CB6B6-6A15-451E-B2E0-28B54F0B6D34} = {E05960DC-5DA7-4179-BF9F-56E6623A56AF}
		{8969AF0E-AD06-4AF4-8A51-C559850AE5EF} = {2B2F9E49-75E6-4D70-9F37-0B351CA771B4}
		{00450A53-FB49-4F9C-8A24-7A6631D77075} = {3EB39DEE-1775-4AED-BBB8-27D799E97267}
	EndGlobalSection
EndGlobal
